{
  "nodes": {
    "dotfilesConfigs": {
      "locked": {
        "lastModified": 1715101315,
        "narHash": "sha256-26lFeZkVvgMlRRi/+IMKJW7pBO+lIR8/D5xucCrEp2s=",
        "ref": "refs/heads/master",
        "rev": "0eed9444df33fc13a052f0a002fb50118113b1a9",
        "revCount": 2,
        "type": "git",
        "url": "ssh://git@github.com/wq-chang/dotfiles-configs"
      },
      "original": {
        "type": "git",
        "url": "ssh://git@github.com/wq-chang/dotfiles-configs"
      }
    },
    "home-manager": {
      "inputs": {
        "nixpkgs": [
          "nixpkgs"
        ]
      },
      "locked": {
        "lastModified": 1714679908,
        "narHash": "sha256-KzcXzDvDJjX34en8f3Zimm396x6idbt+cu4tWDVS2FI=",
        "owner": "nix-community",
        "repo": "home-manager",
        "rev": "9036fe9ef8e15a819fa76f47a8b1f287903fb848",
        "type": "github"
      },
      "original": {
        "owner": "nix-community",
        "repo": "home-manager",
        "type": "github"
      }
    },
    "nixpkgs": {
      "locked": {
        "lastModified": 1714656196,
        "narHash": "sha256-kjQkA98lMcsom6Gbhw8SYzmwrSo+2nruiTcTZp5jK7o=",
        "owner": "nixos",
        "repo": "nixpkgs",
        "rev": "94035b482d181af0a0f8f77823a790b256b7c3cc",
        "type": "github"
      },
      "original": {
        "owner": "nixos",
        "ref": "nixpkgs-unstable",
        "repo": "nixpkgs",
        "type": "github"
      }
    },
    "root": {
      "inputs": {
        "dotfilesConfigs": "dotfilesConfigs",
        "home-manager": "home-manager",
        "nixpkgs": "nixpkgs"
      }
    }
  },
  "root": "root",
  "version": 7
}
